// !$*UTF8*$!
{
	archiveVersion = 1;
	classes = {
	};
	objectVersion = 50;
	objects = {

/* Begin PBXBuildFile section */
		522E492920C4C74000AE1093 /* AppDelegate.swift in Sources */ = {isa = PBXBuildFile; fileRef = 522E492820C4C74000AE1093 /* AppDelegate.swift */; };
		522E492B20C4C74000AE1093 /* ViewController.swift in Sources */ = {isa = PBXBuildFile; fileRef = 522E492A20C4C74000AE1093 /* ViewController.swift */; };
		522E492E20C4C74000AE1093 /* Main.storyboard in Resources */ = {isa = PBXBuildFile; fileRef = 522E492C20C4C74000AE1093 /* Main.storyboard */; };
		522E493020C4C74100AE1093 /* Assets.xcassets in Resources */ = {isa = PBXBuildFile; fileRef = 522E492F20C4C74100AE1093 /* Assets.xcassets */; };
		522E493320C4C74100AE1093 /* LaunchScreen.storyboard in Resources */ = {isa = PBXBuildFile; fileRef = 522E493120C4C74100AE1093 /* LaunchScreen.storyboard */; };
		522E493E20C4C74100AE1093 /* WaFITests.swift in Sources */ = {isa = PBXBuildFile; fileRef = 522E493D20C4C74100AE1093 /* WaFITests.swift */; };
/* End PBXBuildFile section */

/* Begin PBXContainerItemProxy section */
		522E493A20C4C74100AE1093 /* PBXContainerItemProxy */ = {
			isa = PBXContainerItemProxy;
			containerPortal = 522E491D20C4C74000AE1093 /* Project object */;
			proxyType = 1;
			remoteGlobalIDString = 522E492420C4C74000AE1093;
			remoteInfo = WaFI;
		};
/* End PBXContainerItemProxy section */

/* Begin PBXFileReference section */
		522E492520C4C74000AE1093 /* WaFI.app */ = {isa = PBXFileReference; explicitFileType = wrapper.application; includeInIndex = 0; path = WaFI.app; sourceTree = BUILT_PRODUCTS_DIR; };
		522E492820C4C74000AE1093 /* AppDelegate.swift */ = {isa = PBXFileReference; lastKnownFileType = sourcecode.swift; path = AppDelegate.swift; sourceTree = "<group>"; };
		522E492A20C4C74000AE1093 /* ViewController.swift */ = {isa = PBXFileReference; lastKnownFileType = sourcecode.swift; path = ViewController.swift; sourceTree = "<group>"; };
		522E492D20C4C74000AE1093 /* Base */ = {isa = PBXFileReference; lastKnownFileType = file.storyboard; name = Base; path = Base.lproj/Main.storyboard; sourceTree = "<group>"; };
		522E492F20C4C74100AE1093 /* Assets.xcassets */ = {isa = PBXFileReference; lastKnownFileType = folder.assetcatalog; path = Assets.xcassets; sourceTree = "<group>"; };
		522E493220C4C74100AE1093 /* Base */ = {isa = PBXFileReference; lastKnownFileType = file.storyboard; name = Base; path = Base.lproj/LaunchScreen.storyboard; sourceTree = "<group>"; };
		522E493420C4C74100AE1093 /* Info.plist */ = {isa = PBXFileReference; lastKnownFileType = text.plist.xml; path = Info.plist; sourceTree = "<group>"; };
		522E493920C4C74100AE1093 /* WaFITests.xctest */ = {isa = PBXFileReference; explicitFileType = wrapper.cfbundle; includeInIndex = 0; path = WaFITests.xctest; sourceTree = BUILT_PRODUCTS_DIR; };
		522E493D20C4C74100AE1093 /* WaFITests.swift */ = {isa = PBXFileReference; lastKnownFileType = sourcecode.swift; path = WaFITests.swift; sourceTree = "<group>"; };
		522E493F20C4C74100AE1093 /* Info.plist */ = {isa = PBXFileReference; lastKnownFileType = text.plist.xml; path = Info.plist; sourceTree = "<group>"; };
/* End PBXFileReference section */

/* Begin PBXFrameworksBuildPhase section */
		522E492220C4C74000AE1093 /* Frameworks */ = {
			isa = PBXFrameworksBuildPhase;
			buildActionMask = 2147483647;
			files = (
			);
			runOnlyForDeploymentPostprocessing = 0;
		};
		522E493620C4C74100AE1093 /* Frameworks */ = {
			isa = PBXFrameworksBuildPhase;
			buildActionMask = 2147483647;
			files = (
			);
			runOnlyForDeploymentPostprocessing = 0;
		};
/* End PBXFrameworksBuildPhase section */

/* Begin PBXGroup section */
		522E491C20C4C74000AE1093 = {
			isa = PBXGroup;
			children = (
				522E492720C4C74000AE1093 /* WaFI */,
				522E493C20C4C74100AE1093 /* WaFITests */,
				522E492620C4C74000AE1093 /* Products */,
			);
			sourceTree = "<group>";
		};
		522E492620C4C74000AE1093 /* Products */ = {
			isa = PBXGroup;
			children = (
				522E492520C4C74000AE1093 /* WaFI.app */,
				522E493920C4C74100AE1093 /* WaFITests.xctest */,
			);
			name = Products;
			sourceTree = "<group>";
		};
		522E492720C4C74000AE1093 /* WaFI */ = {
			isa = PBXGroup;
			children = (
				522E492820C4C74000AE1093 /* AppDelegate.swift */,
				522E492A20C4C74000AE1093 /* ViewController.swift */,
				522E492C20C4C74000AE1093 /* Main.storyboard */,
				522E492F20C4C74100AE1093 /* Assets.xcassets */,
				522E493120C4C74100AE1093 /* LaunchScreen.storyboard */,
				522E493420C4C74100AE1093 /* Info.plist */,
			);
			path = WaFI;
			sourceTree = "<group>";
		};
		522E493C20C4C74100AE1093 /* WaFITests */ = {
			isa = PBXGroup;
			children = (
				522E493D20C4C74100AE1093 /* WaFITests.swift */,
				522E493F20C4C74100AE1093 /* Info.plist */,
			);
			path = WaFITests;
			sourceTree = "<group>";
		};
/* End PBXGroup section */

/* Begin PBXNativeTarget section */
		522E492420C4C74000AE1093 /* WaFI */ = {
			isa = PBXNativeTarget;
			buildConfigurationList = 522E494220C4C74100AE1093 /* Build configuration list for PBXNativeTarget "WaFI" */;
			buildPhases = (
				522E492120C4C74000AE1093 /* Sources */,
				522E492220C4C74000AE1093 /* Frameworks */,
				522E492320C4C74000AE1093 /* Resources */,
			);
			buildRules = (
			);
			dependencies = (
			);
			name = WaFI;
			productName = WaFI;
			productReference = 522E492520C4C74000AE1093 /* WaFI.app */;
			productType = "com.apple.product-type.application";
		};
		522E493820C4C74100AE1093 /* WaFITests */ = {
			isa = PBXNativeTarget;
			buildConfigurationList = 522E494520C4C74100AE1093 /* Build configuration list for PBXNativeTarget "WaFITests" */;
			buildPhases = (
				522E493520C4C74100AE1093 /* Sources */,
				522E493620C4C74100AE1093 /* Frameworks */,
				522E493720C4C74100AE1093 /* Resources */,
			);
			buildRules = (
			);
			dependencies = (
				522E493B20C4C74100AE1093 /* PBXTargetDependency */,
			);
			name = WaFITests;
			productName = WaFITests;
			productReference = 522E493920C4C74100AE1093 /* WaFITests.xctest */;
			productType = "com.apple.product-type.bundle.unit-test";
		};
/* End PBXNativeTarget section */

/* Begin PBXProject section */
		522E491D20C4C74000AE1093 /* Project object */ = {
			isa = PBXProject;
			attributes = {
				LastSwiftUpdateCheck = 0940;
				LastUpgradeCheck = 0940;
				ORGANIZATIONNAME = "Paul Sumido";
				TargetAttributes = {
					522E492420C4C74000AE1093 = {
						CreatedOnToolsVersion = 9.4;
					};
					522E493820C4C74100AE1093 = {
						CreatedOnToolsVersion = 9.4;
						TestTargetID = 522E492420C4C74000AE1093;
					};
				};
			};
			buildConfigurationList = 522E492020C4C74000AE1093 /* Build configuration list for PBXProject "WaFI" */;
			compatibilityVersion = "Xcode 9.3";
			developmentRegion = en;
			hasScannedForEncodings = 0;
			knownRegions = (
				en,
				Base,
			);
			mainGroup = 522E491C20C4C74000AE1093;
			productRefGroup = 522E492620C4C74000AE1093 /* Products */;
			projectDirPath = "";
			projectRoot = "";
			targets = (
				522E492420C4C74000AE1093 /* WaFI */,
				522E493820C4C74100AE1093 /* WaFITests */,
			);
		};
/* End PBXProject section */

/* Begin PBXResourcesBuildPhase section */
		522E492320C4C74000AE1093 /* Resources */ = {
			isa = PBXResourcesBuildPhase;
			buildActionMask = 2147483647;
			files = (
				522E493320C4C74100AE1093 /* LaunchScreen.storyboard in Resources */,
				522E493020C4C74100AE1093 /* Assets.xcassets in Resources */,
				522E492E20C4C74000AE1093 /* Main.storyboard in Resources */,
			);
			runOnlyForDeploymentPostprocessing = 0;
		};
		522E493720C4C74100AE1093 /* Resources */ = {
			isa = PBXResourcesBuildPhase;
			buildActionMask = 2147483647;
			files = (
			);
			runOnlyForDeploymentPostprocessing = 0;
		};
/* End PBXResourcesBuildPhase section */

/* Begin PBXSourcesBuildPhase section */
		522E492120C4C74000AE1093 /* Sources */ = {
			isa = PBXSourcesBuildPhase;
			buildActionMask = 2147483647;
			files = (
				522E492B20C4C74000AE1093 /* ViewController.swift in Sources */,
				522E492920C4C74000AE1093 /* AppDelegate.swift in Sources */,
			);
			runOnlyForDeploymentPostprocessing = 0;
		};
		522E493520C4C74100AE1093 /* Sources */ = {
			isa = PBXSourcesBuildPhase;
			buildActionMask = 2147483647;
			files = (
				522E493E20C4C74100AE1093 /* WaFITests.swift in Sources */,
			);
			runOnlyForDeploymentPostprocessing = 0;
		};
/* End PBXSourcesBuildPhase section */

/* Begin PBXTargetDependency section */
		522E493B20C4C74100AE1093 /* PBXTargetDependency */ = {
			isa = PBXTargetDependency;
			target = 522E492420C4C74000AE1093 /* WaFI */;
			targetProxy = 522E493A20C4C74100AE1093 /* PBXContainerItemProxy */;
		};
/* End PBXTargetDependency section */

/* Begin PBXVariantGroup section */
		522E492C20C4C74000AE1093 /* Main.storyboard */ = {
			isa = PBXVariantGroup;
			children = (
				522E492D20C4C74000AE1093 /* Base */,
			);
			name = Main.storyboard;
			sourceTree = "<group>";
		};
		522E493120C4C74100AE1093 /* LaunchScreen.storyboard */ = {
			isa = PBXVariantGroup;
			children = (
				522E493220C4C74100AE1093 /* Base */,
			);
			name = LaunchScreen.storyboard;
			sourceTree = "<group>";
		};
/* End PBXVariantGroup section */

/* Begin XCBuildConfiguration section */
		522E494020C4C74100AE1093 /* Debug */ = {
			isa = XCBuildConfiguration;
			buildSettings = {
				ALWAYS_SEARCH_USER_PATHS = NO;
				CLANG_ANALYZER_NONNULL = YES;
				CLANG_ANALYZER_NUMBER_OBJECT_CONVERSION = YES_AGGRESSIVE;
				CLANG_CXX_LANGUAGE_STANDARD = "gnu++14";
				CLANG_CXX_LIBRARY = "libc++";
				CLANG_ENABLE_MODULES = YES;
				CLANG_ENABLE_OBJC_ARC = YES;
				CLANG_ENABLE_OBJC_WEAK = YES;
				CLANG_WARN_BLOCK_CAPTURE_AUTORELEASING = YES;
				CLANG_WARN_BOOL_CONVERSION = YES;
				CLANG_WARN_COMMA = YES;
				CLANG_WARN_CONSTANT_CONVERSION = YES;
				CLANG_WARN_DEPRECATED_OBJC_IMPLEMENTATIONS = YES;
				CLANG_WARN_DIRECT_OBJC_ISA_USAGE = YES_ERROR;
				CLANG_WARN_DOCUMENTATION_COMMENTS = YES;
				CLANG_WARN_EMPTY_BODY = YES;
				CLANG_WARN_ENUM_CONVERSION = YES;
				CLANG_WARN_INFINITE_RECURSION = YES;
				CLANG_WARN_INT_CONVERSION = YES;
				CLANG_WARN_NON_LITERAL_NULL_CONVERSION = YES;
				CLANG_WARN_OBJC_IMPLICIT_RETAIN_SELF = YES;
				CLANG_WARN_OBJC_LITERAL_CONVERSION = YES;
				CLANG_WARN_OBJC_ROOT_CLASS = YES_ERROR;
				CLANG_WARN_RANGE_LOOP_ANALYSIS = YES;
				CLANG_WARN_STRICT_PROTOTYPES = YES;
				CLANG_WARN_SUSPICIOUS_MOVE = YES;
				CLANG_WARN_UNGUARDED_AVAILABILITY = YES_AGGRESSIVE;
				CLANG_WARN_UNREACHABLE_CODE = YES;
				CLANG_WARN__DUPLICATE_METHOD_MATCH = YES;
				CODE_SIGN_IDENTITY = "iPhone Developer";
				COPY_PHASE_STRIP = NO;
				DEBUG_INFORMATION_FORMAT = dwarf;
				ENABLE_STRICT_OBJC_MSGSEND = YES;
				ENABLE_TESTABILITY = YES;
				GCC_C_LANGUAGE_STANDARD = gnu11;
				GCC_DYNAMIC_NO_PIC = NO;
				GCC_NO_COMMON_BLOCKS = YES;
				GCC_OPTIMIZATION_LEVEL = 0;
				GCC_PREPROCESSOR_DEFINITIONS = (
					"DEBUG=1",
					"$(inherited)",
				);
				GCC_WARN_64_TO_32_BIT_CONVERSION = YES;
				GCC_WARN_ABOUT_RETURN_TYPE = YES_ERROR;
				GCC_WARN_UNDECLARED_SELECTOR = YES;
				GCC_WARN_UNINITIALIZED_AUTOS = YES_AGGRESSIVE;
				GCC_WARN_UNUSED_FUNCTION = YES;
				GCC_WARN_UNUSED_VARIABLE = YES;
				IPHONEOS_DEPLOYMENT_TARGET = 11.4;
				MTL_ENABLE_DEBUG_INFO = YES;
				ONLY_ACTIVE_ARCH = YES;
				SDKROOT = iphoneos;
				SWIFT_ACTIVE_COMPILATION_CONDITIONS = DEBUG;
				SWIFT_OPTIMIZATION_LEVEL = "-Onone";
			};
			name = Debug;
		};
		522E494120C4C74100AE1093 /* Release */ = {
			isa = XCBuildConfiguration;
			buildSettings = {
				ALWAYS_SEARCH_USER_PATHS = NO;
				CLANG_ANALYZER_NONNULL = YES;
				CLANG_ANALYZER_NUMBER_OBJECT_CONVERSION = YES_AGGRESSIVE;
				CLANG_CXX_LANGUAGE_STANDARD = "gnu++14";
				CLANG_CXX_LIBRARY = "libc++";
				CLANG_ENABLE_MODULES = YES;
				CLANG_ENABLE_OBJC_ARC = YES;
				CLANG_ENABLE_OBJC_WEAK = YES;
				CLANG_WARN_BLOCK_CAPTURE_AUTORELEASING = YES;
				CLANG_WARN_BOOL_CONVERSION = YES;
				CLANG_WARN_COMMA = YES;
				CLANG_WARN_CONSTANT_CONVERSION = YES;
				CLANG_WARN_DEPRECATED_OBJC_IMPLEMENTATIONS = YES;
				CLANG_WARN_DIRECT_OBJC_ISA_USAGE = YES_ERROR;
				CLANG_WARN_DOCUMENTATION_COMMENTS = YES;
				CLANG_WARN_EMPTY_BODY = YES;
				CLANG_WARN_ENUM_CONVERSION = YES;
				CLANG_WARN_INFINITE_RECURSION = YES;
				CLANG_WARN_INT_CONVERSION = YES;
				CLANG_WARN_NON_LITERAL_NULL_CONVERSION = YES;
				CLANG_WARN_OBJC_IMPLICIT_RETAIN_SELF = YES;
				CLANG_WARN_OBJC_LITERAL_CONVERSION = YES;
				CLANG_WARN_OBJC_ROOT_CLASS = YES_ERROR;
				CLANG_WARN_RANGE_LOOP_ANALYSIS = YES;
				CLANG_WARN_STRICT_PROTOTYPES = YES;
				CLANG_WARN_SUSPICIOUS_MOVE = YES;
				CLANG_WARN_UNGUARDED_AVAILABILITY = YES_AGGRESSIVE;
				CLANG_WARN_UNREACHABLE_CODE = YES;
				CLANG_WARN__DUPLICATE_METHOD_MATCH = YES;
				CODE_SIGN_IDENTITY = "iPhone Developer";
				COPY_PHASE_STRIP = NO;
				DEBUG_INFORMATION_FORMAT = "dwarf-with-dsym";
				ENABLE_NS_ASSERTIONS = NO;
				ENABLE_STRICT_OBJC_MSGSEND = YES;
				GCC_C_LANGUAGE_STANDARD = gnu11;
				GCC_NO_COMMON_BLOCKS = YES;
				GCC_WARN_64_TO_32_BIT_CONVERSION = YES;
				GCC_WARN_ABOUT_RETURN_TYPE = YES_ERROR;
				GCC_WARN_UNDECLARED_SELECTOR = YES;
				GCC_WARN_UNINITIALIZED_AUTOS = YES_AGGRESSIVE;
				GCC_WARN_UNUSED_FUNCTION = YES;
				GCC_WARN_UNUSED_VARIABLE = YES;
				IPHONEOS_DEPLOYMENT_TARGET = 11.4;
				MTL_ENABLE_DEBUG_INFO = NO;
				SDKROOT = iphoneos;
				SWIFT_COMPILATION_MODE = wholemodule;
				SWIFT_OPTIMIZATION_LEVEL = "-O";
				VALIDATE_PRODUCT = YES;
			};
			name = Release;
		};
		522E494320C4C74100AE1093 /* Debug */ = {
			isa = XCBuildConfiguration;
			buildSettings = {
				ASSETCATALOG_COMPILER_APPICON_NAME = AppIcon;
				CODE_SIGN_STYLE = Automatic;
				INFOPLIST_FILE = WaFI/Info.plist;
				LD_RUNPATH_SEARCH_PATHS = (
					"$(inherited)",
					"@executable_path/Frameworks",
				);
				PRODUCT_BUNDLE_IDENTIFIER = com.example.WaFI;
				PRODUCT_NAME = "$(TARGET_NAME)";
				SWIFT_VERSION = 4.0;
				TARGETED_DEVICE_FAMILY = "1,2";
			};
			name = Debug;
		};
		522E494420C4C74100AE1093 /* Release */ = {
			isa = XCBuildConfiguration;
			buildSettings = {
				ASSETCATALOG_COMPILER_APPICON_NAME = AppIcon;
				CODE_SIGN_STYLE = Automatic;
				INFOPLIST_FILE = WaFI/Info.plist;
				LD_RUNPATH_SEARCH_PATHS = (
					"$(inherited)",
					"@executable_path/Frameworks",
				);
				PRODUCT_BUNDLE_IDENTIFIER = com.example.WaFI;
				PRODUCT_NAME = "$(TARGET_NAME)";
				SWIFT_VERSION = 4.0;
				TARGETED_DEVICE_FAMILY = "1,2";
			};
			name = Release;
		};
		522E494620C4C74100AE1093 /* Debug */ = {
			isa = XCBuildConfiguration;
			buildSettings = {
				ALWAYS_EMBED_SWIFT_STANDARD_LIBRARIES = YES;
				BUNDLE_LOADER = "$(TEST_HOST)";
				CODE_SIGN_STYLE = Automatic;
				INFOPLIST_FILE = WaFITests/Info.plist;
				LD_RUNPATH_SEARCH_PATHS = (
					"$(inherited)",
					"@executable_path/Frameworks",
					"@loader_path/Frameworks",
				);
				PRODUCT_BUNDLE_IDENTIFIER = com.example.WaFITests;
				PRODUCT_NAME = "$(TARGET_NAME)";
				SWIFT_VERSION = 4.0;
				TARGETED_DEVICE_FAMILY = "1,2";
				TEST_HOST = "$(BUILT_PRODUCTS_DIR)/WaFI.app/WaFI";
			};
			name = Debug;
		};
		522E494720C4C74100AE1093 /* Release */ = {
			isa = XCBuildConfiguration;
			buildSettings = {
				ALWAYS_EMBED_SWIFT_STANDARD_LIBRARIES = YES;
				BUNDLE_LOADER = "$(TEST_HOST)";
				CODE_SIGN_STYLE = Automatic;
				INFOPLIST_FILE = WaFITests/Info.plist;
				LD_RUNPATH_SEARCH_PATHS = (
					"$(inherited)",
					"@executable_path/Frameworks",
					"@loader_path/Frameworks",
				);
				PRODUCT_BUNDLE_IDENTIFIER = com.example.WaFITests;
				PRODUCT_NAME = "$(TARGET_NAME)";
				SWIFT_VERSION = 4.0;
				TARGETED_DEVICE_FAMILY = "1,2";
				TEST_HOST = "$(BUILT_PRODUCTS_DIR)/WaFI.app/WaFI";
			};
			name = Release;
		};
/* End XCBuildConfiguration section */

/* Begin XCConfigurationList section */
		522E492020C4C74000AE1093 /* Build configuration list for PBXProject "WaFI" */ = {
			isa = XCConfigurationList;
			buildConfigurations = (
				522E494020C4C74100AE1093 /* Debug */,
				522E494120C4C74100AE1093 /* Release */,
			);
			defaultConfigurationIsVisible = 0;
			defaultConfigurationName = Release;
		};
		522E494220C4C74100AE1093 /* Build configuration list for PBXNativeTarget "WaFI" */ = {
			isa = XCConfigurationList;
			buildConfigurations = (
				522E494320C4C74100AE1093 /* Debug */,
				522E494420C4C74100AE1093 /* Release */,
			);
			defaultConfigurationIsVisible = 0;
			defaultConfigurationName = Release;
		};
		522E494520C4C74100AE1093 /* Build configuration list for PBXNativeTarget "WaFITests" */ = {
			isa = XCConfigurationList;
			buildConfigurations = (
				522E494620C4C74100AE1093 /* Debug */,
				522E494720C4C74100AE1093 /* Release */,
			);
			defaultConfigurationIsVisible = 0;
			defaultConfigurationName = Release;
		};
/* End XCConfigurationList section */
	};
	rootObject = 522E491D20C4C74000AE1093 /* Project object */;
}
